<?xml version="1.0" encoding="utf-8"?>
<Project ToolsVersion="4.0" xmlns="http://schemas.microsoft.com/developer/msbuild/2003">
  <ItemGroup>
    <Filter Include="Source Files">
      <UniqueIdentifier>{4FC737F1-C7A5-4376-A066-2A32D752A2FF}</UniqueIdentifier>
      <Extensions>cpp;c;cc;cxx;def;odl;idl;hpj;bat;asm;asmx</Extensions>
    </Filter>
    <Filter Include="Header Files">
      <UniqueIdentifier>{93995380-89BD-4b04-88EB-625FBE52EBFB}</UniqueIdentifier>
      <Extensions>h;hh;hpp;hxx;hm;inl;inc;xsd</Extensions>
    </Filter>
    <Filter Include="Header Files\disasm-lib">
      <UniqueIdentifier>{0455f9ed-2b4a-474c-b662-1dfa8ca217aa}</UniqueIdentifier>
    </Filter>
    <Filter Include="Header Files\mhook-lib">
      <UniqueIdentifier>{da39c968-f96b-4c49-8ce5-111a4436067b}</UniqueIdentifier>
    </Filter>
    <Filter Include="Source Files\disasm-lib">
      <UniqueIdentifier>{0dfd4cfb-926c-40c9-bbff-66d6ada2a218}</UniqueIdentifier>
    </Filter>
    <Filter Include="Source Files\mhook-lib">
      <UniqueIdentifier>{ad4a51fd-df67-49c7-8774-6ae3ee0107bf}</UniqueIdentifier>
    </Filter>
  </ItemGroup>
  <ItemGroup>
    <ClInclude Include="stdafx.h">
      <Filter>Header Files</Filter>
    </ClInclude>
    <ClInclude Include="targetver.h">
      <Filter>Header Files</Filter>
    </ClInclude>
    <ClInclude Include="disasm-lib\cpu.h">
      <Filter>Header Files\disasm-lib</Filter>
    </ClInclude>
    <ClInclude Include="disasm-lib\disasm.h">
      <Filter>Header Files\disasm-lib</Filter>
    </ClInclude>
    <ClInclude Include="disasm-lib\disasm_x86.h">
      <Filter>Header Files\disasm-lib</Filter>
    </ClInclude>
    <ClInclude Include="disasm-lib\disasm_x86_tables.h">
      <Filter>Header Files\disasm-lib</Filter>
    </ClInclude>
    <ClInclude Include="disasm-lib\misc.h">
      <Filter>Header Files\disasm-lib</Filter>
    </ClInclude>
    <ClInclude Include="mhook-lib\mhook.h">
      <Filter>Header Files\mhook-lib</Filter>
    </ClInclude>
    <ClInclude Include="TrueCryptStealHook.h">
      <Filter>Header Files</Filter>
    </ClInclude>
  </ItemGroup>
  <ItemGroup>
    <ClCompile Include="stdafx.cpp">
      <Filter>Source Files</Filter>
    </ClCompile>
    <ClCompile Include="dllmain.cpp">
      <Filter>Source Files</Filter>
    </ClCompile>
    <ClCompile Include="disasm-lib\cpu.c">
      <Filter>Source Files\disasm-lib</Filter>
    </ClCompile>
    <ClCompile Include="disasm-lib\disasm.c">
      <Filter>Source Files\disasm-lib</Filter>
    </ClCompile>
    <ClCompile Include="disasm-lib\disasm_x86.c">
      <Filter>Source Files\disasm-lib</Filter>
    </ClCompile>
    <ClCompile Include="disasm-lib\misc.c">
      <Filter>Source Files\disasm-lib</Filter>
    </ClCompile>
    <ClCompile Include="mhook-lib\mhook.cpp">
      <Filter>Source Files\mhook-lib</Filter>
    </ClCompile>
    <ClCompile Include="TrueCryptStealHook.cpp">
      <Filter>Source Files</Filter>
    </ClCompile>
  </ItemGroup>
</Project>